
Microsoft Visual Studio Solution File, Format Version 12.00
# Visual Studio Version 17
VisualStudioVersion = 17.5.002.0
MinimumVisualStudioVersion = 10.0.40219.1
Project("{9A19103F-16F7-4668-BE54-9A1E7A4F7556}") = "App1", "App1.csproj", "{462C8D0C-C345-4C88-AF4B-81A91DAD23C3}"
EndProject
Global
	GlobalSection(SolutionConfigurationPlatforms) = preSolution
		Debug|Any CPU = Debug|Any CPU
		Release|Any CPU = Release|Any CPU
	EndGlobalSection
	GlobalSection(ProjectConfigurationPlatforms) = postSolution
		{462C8D0C-C345-4C88-AF4B-81A91DAD23C3}.Debug|Any CPU.ActiveCfg = Debug|Any CPU
		{462C8D0C-C345-4C88-AF4B-81A91DAD23C3}.Debug|Any CPU.Build.0 = Debug|Any CPU
		{462C8D0C-C345-4C88-AF4B-81A91DAD23C3}.Release|Any CPU.ActiveCfg = Release|Any CPU
		{462C8D0C-C345-4C88-AF4B-81A91DAD23C3}.Release|Any CPU.Build.0 = Release|Any CPU
	EndGlobalSection
	GlobalSection(SolutionProperties) = preSolution
		HideSolutionNode = FALSE
	EndGlobalSection
	GlobalSection(ExtensibilityGlobals) = postSolution
		SolutionGuid = {33A98C83-06A8-454C-ADAA-E4E889BA9748}
	EndGlobalSection
EndGlobal
